# This file is autogenerated, do not edit; changes may be undone by the next 'dep ensure'.


[[projects]]
  name = "gopkg.in/yaml.v2"
  packages = ["."]
  revision = "5420a8b6744d3b0345ab293f6fcba19c978f1183"
  version = "v2.2.1"

[solve-meta]
  analyzer-name = "dep"
  analyzer-version = 1
  inputs-digest = "701c07dbbbabb2137a2e5e94b6fafcf710ca331a5ccb71e8cdd4b8236ce0b0bc"
  solver-name = "gps-cdcl"
  solver-version = 1
